
Microsoft Visual Studio Solution File, Format Version 12.00
# Visual Studio Version 17
VisualStudioVersion = 17.7.34031.279
MinimumVisualStudioVersion = 10.0.40219.1
Project("{FAE04EC0-301F-11D3-BF4B-00C04F79EFBC}") = "While loop", "While loop.csproj", "{A605B485-91A3-44BD-B08D-933503214167}"
EndProject
Global
	GlobalSection(SolutionConfigurationPlatforms) = preSolution
		Debug|Any CPU = Debug|Any CPU
		Release|Any CPU = Release|Any CPU
	EndGlobalSection
	GlobalSection(ProjectConfigurationPlatforms) = postSolution
		{A605B485-91A3-44BD-B08D-933503214167}.Debug|Any CPU.ActiveCfg = Debug|Any CPU
		{A605B485-91A3-44BD-B08D-933503214167}.Debug|Any CPU.Build.0 = Debug|Any CPU
		{A605B485-91A3-44BD-B08D-933503214167}.Release|Any CPU.ActiveCfg = Release|Any CPU
		{A605B485-91A3-44BD-B08D-933503214167}.Release|Any CPU.Build.0 = Release|Any CPU
	EndGlobalSection
	GlobalSection(SolutionProperties) = preSolution
		HideSolutionNode = FALSE
	EndGlobalSection
	GlobalSection(ExtensibilityGlobals) = postSolution
		SolutionGuid = {858D51D0-C5B1-4472-B755-A876F0B811AC}
	EndGlobalSection
EndGlobal
